
Microsoft Visual Studio Solution File, Format Version 12.00
# Visual Studio 15
VisualStudioVersion = 15.0.27428.2015
MinimumVisualStudioVersion = 10.0.40219.1
Project("{FAE04EC0-301F-11D3-BF4B-00C04F79EFBC}") = "Platformer002", "Platformer002\Platformer002.csproj", "{622C3925-ACC9-49D7-AC2F-E2A7E5D54378}"
EndProject
Global
	GlobalSection(SolutionConfigurationPlatforms) = preSolution
		Debug|Any CPU = Debug|Any CPU
		Release|Any CPU = Release|Any CPU
	EndGlobalSection
	GlobalSection(ProjectConfigurationPlatforms) = postSolution
		{622C3925-ACC9-49D7-AC2F-E2A7E5D54378}.Debug|Any CPU.ActiveCfg = Debug|Any CPU
		{622C3925-ACC9-49D7-AC2F-E2A7E5D54378}.Debug|Any CPU.Build.0 = Debug|Any CPU
		{622C3925-ACC9-49D7-AC2F-E2A7E5D54378}.Release|Any CPU.ActiveCfg = Release|Any CPU
		{622C3925-ACC9-49D7-AC2F-E2A7E5D54378}.Release|Any CPU.Build.0 = Release|Any CPU
	EndGlobalSection
	GlobalSection(SolutionProperties) = preSolution
		HideSolutionNode = FALSE
	EndGlobalSection
	GlobalSection(ExtensibilityGlobals) = postSolution
		SolutionGuid = {522A8B46-ACC4-4ADD-BC01-1CEC13AEF828}
	EndGlobalSection
EndGlobal
